Microsoft Visual Studio Solution File, Format Version 8.00
Project("{8BC9CEB8-8B4A-11D0-8D11-00A0C91BC942}") = "CWinMain Library", "..\..\..\Designed_Common\Project\Client\CWinMain Library\CWinMain Library.vcproj", "{0ED56EE3-EEEC-404D-89E8-66CB6BC22039}"
	ProjectSection(ProjectDependencies) = postProject
	EndProjectSection
EndProject
Project("{8BC9CEB8-8B4A-11D0-8D11-00A0C91BC942}") = "Client", "Client.vcproj", "{81B97D19-A5D4-4EA5-80ED-A29C1E9BD40D}"
	ProjectSection(ProjectDependencies) = postProject
		{3A0DD73F-53DF-4B94-9C8D-669BD7163021} = {3A0DD73F-53DF-4B94-9C8D-669BD7163021}
		{C255F133-F8B0-42CF-AEB4-8ACEF62D87B9} = {C255F133-F8B0-42CF-AEB4-8ACEF62D87B9}
		{08F1BE43-0D68-439F-9CEA-3FAA8E7BE391} = {08F1BE43-0D68-439F-9CEA-3FAA8E7BE391}
		{D0EC0454-D458-4460-B4B2-E51991B92F62} = {D0EC0454-D458-4460-B4B2-E51991B92F62}
		{449D98DC-1228-4872-BBC9-4ADC9DAFA9A4} = {449D98DC-1228-4872-BBC9-4ADC9DAFA9A4}
		{BE54F52C-838C-4D61-B5E1-D65A725BA129} = {BE54F52C-838C-4D61-B5E1-D65A725BA129}
		{0ED56EE3-EEEC-404D-89E8-66CB6BC22039} = {0ED56EE3-EEEC-404D-89E8-66CB6BC22039}
		{E7365E24-8080-4906-B208-FF27634D104F} = {E7365E24-8080-4906-B208-FF27634D104F}
		{860F59D1-8695-418A-BD32-1EE6C23C9955} = {860F59D1-8695-418A-BD32-1EE6C23C9955}
		{3CD88426-7E8C-4471-AEFC-947CEC6D5111} = {3CD88426-7E8C-4471-AEFC-947CEC6D5111}
		{34E9CEAF-5A12-4602-8BC4-A9E121A9E631} = {34E9CEAF-5A12-4602-8BC4-A9E121A9E631}
		{9A705A42-2499-49C4-95F5-123E77CC0767} = {9A705A42-2499-49C4-95F5-123E77CC0767}
	EndProjectSection
EndProject
Project("{8BC9CEB8-8B4A-11D0-8D11-00A0C91BC942}") = "D3DLib", "..\..\..\Designed_Common\Project\Client\D3DLib\D3DLib.vcproj", "{860F59D1-8695-418A-BD32-1EE6C23C9955}"
	ProjectSection(ProjectDependencies) = postProject
	EndProjectSection
EndProject
Project("{8BC9CEB8-8B4A-11D0-8D11-00A0C91BC942}") = "DEUtil", "..\..\..\Designed_Common\Project\Client\DEUtil\DEUtil.vcproj", "{FCFFBA94-393F-4E37-9A81-ABAD9C24DE53}"
	ProjectSection(ProjectDependencies) = postProject
	EndProjectSection
EndProject
Project("{8BC9CEB8-8B4A-11D0-8D11-00A0C91BC942}") = "DirectXLib", "..\..\..\Designed_Common\Project\Client\DXLib\DirectXLib.vcproj", "{3CD88426-7E8C-4471-AEFC-947CEC6D5111}"
	ProjectSection(ProjectDependencies) = postProject
	EndProjectSection
EndProject
Project("{8BC9CEB8-8B4A-11D0-8D11-00A0C91BC942}") = "FileCheckLib", "..\..\..\Designed_Common\Project\Client\FileCheckLib\FileCheckLib.vcproj", "{03330196-86D3-49BE-9728-217C39CEE581}"
	ProjectSection(ProjectDependencies) = postProject
	EndProjectSection
EndProject
Project("{8BC9CEB8-8B4A-11D0-8D11-00A0C91BC942}") = "Frame Library", "..\..\..\Designed_Common\Project\Client\FrameLib\Frame Library.vcproj", "{9A705A42-2499-49C4-95F5-123E77CC0767}"
	ProjectSection(ProjectDependencies) = postProject
	EndProjectSection
EndProject
Project("{8BC9CEB8-8B4A-11D0-8D11-00A0C91BC942}") = "MZLib", "..\..\..\Designed_Common\Project\Client\MZLib\MZLib.vcproj", "{3A0DD73F-53DF-4B94-9C8D-669BD7163021}"
	ProjectSection(ProjectDependencies) = postProject
	EndProjectSection
EndProject
Project("{8BC9CEB8-8B4A-11D0-8D11-00A0C91BC942}") = "MiniLZO", "..\..\..\Designed_Common\Project\Client\MiniLZO\MiniLZO.vcproj", "{D0EC0454-D458-4460-B4B2-E51991B92F62}"
	ProjectSection(ProjectDependencies) = postProject
	EndProjectSection
EndProject
Project("{8BC9CEB8-8B4A-11D0-8D11-00A0C91BC942}") = "OggLib", "..\..\..\Designed_Common\Project\Client\OggLib\OggLib.vcproj", "{C255F133-F8B0-42CF-AEB4-8ACEF62D87B9}"
	ProjectSection(ProjectDependencies) = postProject
	EndProjectSection
EndProject
Project("{8BC9CEB8-8B4A-11D0-8D11-00A0C91BC942}") = "RarLib", "..\..\..\Designed_Common\Project\Client\RarLib\RarLib.vcproj", "{449D98DC-1228-4872-BBC9-4ADC9DAFA9A4}"
	ProjectSection(ProjectDependencies) = postProject
	EndProjectSection
EndProject
Project("{8BC9CEB8-8B4A-11D0-8D11-00A0C91BC942}") = "Sprite Library", "..\..\..\Designed_Common\Project\Client\SpriteLib\SpriteLib.vcproj", "{34E9CEAF-5A12-4602-8BC4-A9E121A9E631}"
	ProjectSection(ProjectDependencies) = postProject
	EndProjectSection
EndProject
Project("{8BC9CEB8-8B4A-11D0-8D11-00A0C91BC942}") = "VirtualFileSystem", "..\..\..\Designed_Common\Project\Client\VirtualFileSystem\VirtualFileSystem.vcproj", "{08F1BE43-0D68-439F-9CEA-3FAA8E7BE391}"
	ProjectSection(ProjectDependencies) = postProject
	EndProjectSection
EndProject
Project("{8BC9CEB8-8B4A-11D0-8D11-00A0C91BC942}") = "VolumeLib", "..\..\..\Designed_Common\Project\Client\VolumeLib\VolumeLib.vcproj", "{E7365E24-8080-4906-B208-FF27634D104F}"
	ProjectSection(ProjectDependencies) = postProject
	EndProjectSection
EndProject
Project("{8BC9CEB8-8B4A-11D0-8D11-00A0C91BC942}") = "lib", "..\NEW - VS_UI\lib\lib.vcproj", "{BE54F52C-838C-4D61-B5E1-D65A725BA129}"
	ProjectSection(ProjectDependencies) = postProject
	EndProjectSection
EndProject
Global
	GlobalSection(SolutionConfiguration) = preSolution
		Debug = Debug
		Release = Release
		ReleaseLog = ReleaseLog
	EndGlobalSection
	GlobalSection(ProjectConfiguration) = postSolution
		{0ED56EE3-EEEC-404D-89E8-66CB6BC22039}.Debug.ActiveCfg = Debug|Win32
		{0ED56EE3-EEEC-404D-89E8-66CB6BC22039}.Debug.Build.0 = Debug|Win32
		{0ED56EE3-EEEC-404D-89E8-66CB6BC22039}.Release.ActiveCfg = Release|Win32
		{0ED56EE3-EEEC-404D-89E8-66CB6BC22039}.Release.Build.0 = Release|Win32
		{0ED56EE3-EEEC-404D-89E8-66CB6BC22039}.ReleaseLog.ActiveCfg = Release|Win32
		{0ED56EE3-EEEC-404D-89E8-66CB6BC22039}.ReleaseLog.Build.0 = Release|Win32
		{81B97D19-A5D4-4EA5-80ED-A29C1E9BD40D}.Debug.ActiveCfg = Debug|Win32
		{81B97D19-A5D4-4EA5-80ED-A29C1E9BD40D}.Debug.Build.0 = Debug|Win32
		{81B97D19-A5D4-4EA5-80ED-A29C1E9BD40D}.Release.ActiveCfg = Release|Win32
		{81B97D19-A5D4-4EA5-80ED-A29C1E9BD40D}.Release.Build.0 = Release|Win32
		{81B97D19-A5D4-4EA5-80ED-A29C1E9BD40D}.ReleaseLog.ActiveCfg = ReleaseLog|Win32
		{81B97D19-A5D4-4EA5-80ED-A29C1E9BD40D}.ReleaseLog.Build.0 = ReleaseLog|Win32
		{860F59D1-8695-418A-BD32-1EE6C23C9955}.Debug.ActiveCfg = Debug|Win32
		{860F59D1-8695-418A-BD32-1EE6C23C9955}.Debug.Build.0 = Debug|Win32
		{860F59D1-8695-418A-BD32-1EE6C23C9955}.Release.ActiveCfg = Release|Win32
		{860F59D1-8695-418A-BD32-1EE6C23C9955}.Release.Build.0 = Release|Win32
		{860F59D1-8695-418A-BD32-1EE6C23C9955}.ReleaseLog.ActiveCfg = Release|Win32
		{860F59D1-8695-418A-BD32-1EE6C23C9955}.ReleaseLog.Build.0 = Release|Win32
		{FCFFBA94-393F-4E37-9A81-ABAD9C24DE53}.Debug.ActiveCfg = Debug|Win32
		{FCFFBA94-393F-4E37-9A81-ABAD9C24DE53}.Debug.Build.0 = Debug|Win32
		{FCFFBA94-393F-4E37-9A81-ABAD9C24DE53}.Release.ActiveCfg = Release|Win32
		{FCFFBA94-393F-4E37-9A81-ABAD9C24DE53}.Release.Build.0 = Release|Win32
		{FCFFBA94-393F-4E37-9A81-ABAD9C24DE53}.ReleaseLog.ActiveCfg = Release|Win32
		{FCFFBA94-393F-4E37-9A81-ABAD9C24DE53}.ReleaseLog.Build.0 = Release|Win32
		{3CD88426-7E8C-4471-AEFC-947CEC6D5111}.Debug.ActiveCfg = Debug|Win32
		{3CD88426-7E8C-4471-AEFC-947CEC6D5111}.Debug.Build.0 = Debug|Win32
		{3CD88426-7E8C-4471-AEFC-947CEC6D5111}.Release.ActiveCfg = Release|Win32
		{3CD88426-7E8C-4471-AEFC-947CEC6D5111}.Release.Build.0 = Release|Win32
		{3CD88426-7E8C-4471-AEFC-947CEC6D5111}.ReleaseLog.ActiveCfg = Release|Win32
		{3CD88426-7E8C-4471-AEFC-947CEC6D5111}.ReleaseLog.Build.0 = Release|Win32
		{03330196-86D3-49BE-9728-217C39CEE581}.Debug.ActiveCfg = Debug|Win32
		{03330196-86D3-49BE-9728-217C39CEE581}.Debug.Build.0 = Debug|Win32
		{03330196-86D3-49BE-9728-217C39CEE581}.Release.ActiveCfg = Release|Win32
		{03330196-86D3-49BE-9728-217C39CEE581}.Release.Build.0 = Release|Win32
		{03330196-86D3-49BE-9728-217C39CEE581}.ReleaseLog.ActiveCfg = Release|Win32
		{03330196-86D3-49BE-9728-217C39CEE581}.ReleaseLog.Build.0 = Release|Win32
		{9A705A42-2499-49C4-95F5-123E77CC0767}.Debug.ActiveCfg = Debug|Win32
		{9A705A42-2499-49C4-95F5-123E77CC0767}.Debug.Build.0 = Debug|Win32
		{9A705A42-2499-49C4-95F5-123E77CC0767}.Release.ActiveCfg = Release|Win32
		{9A705A42-2499-49C4-95F5-123E77CC0767}.Release.Build.0 = Release|Win32
		{9A705A42-2499-49C4-95F5-123E77CC0767}.ReleaseLog.ActiveCfg = Release|Win32
		{9A705A42-2499-49C4-95F5-123E77CC0767}.ReleaseLog.Build.0 = Release|Win32
		{3A0DD73F-53DF-4B94-9C8D-669BD7163021}.Debug.ActiveCfg = Debug|Win32
		{3A0DD73F-53DF-4B94-9C8D-669BD7163021}.Debug.Build.0 = Debug|Win32
		{3A0DD73F-53DF-4B94-9C8D-669BD7163021}.Release.ActiveCfg = Release|Win32
		{3A0DD73F-53DF-4B94-9C8D-669BD7163021}.Release.Build.0 = Release|Win32
		{3A0DD73F-53DF-4B94-9C8D-669BD7163021}.ReleaseLog.ActiveCfg = Release|Win32
		{3A0DD73F-53DF-4B94-9C8D-669BD7163021}.ReleaseLog.Build.0 = Release|Win32
		{D0EC0454-D458-4460-B4B2-E51991B92F62}.Debug.ActiveCfg = Debug|Win32
		{D0EC0454-D458-4460-B4B2-E51991B92F62}.Debug.Build.0 = Debug|Win32
		{D0EC0454-D458-4460-B4B2-E51991B92F62}.Release.ActiveCfg = Release|Win32
		{D0EC0454-D458-4460-B4B2-E51991B92F62}.Release.Build.0 = Release|Win32
		{D0EC0454-D458-4460-B4B2-E51991B92F62}.ReleaseLog.ActiveCfg = Release|Win32
		{D0EC0454-D458-4460-B4B2-E51991B92F62}.ReleaseLog.Build.0 = Release|Win32
		{C255F133-F8B0-42CF-AEB4-8ACEF62D87B9}.Debug.ActiveCfg = Debug|Win32
		{C255F133-F8B0-42CF-AEB4-8ACEF62D87B9}.Debug.Build.0 = Debug|Win32
		{C255F133-F8B0-42CF-AEB4-8ACEF62D87B9}.Release.ActiveCfg = Release|Win32
		{C255F133-F8B0-42CF-AEB4-8ACEF62D87B9}.Release.Build.0 = Release|Win32
		{C255F133-F8B0-42CF-AEB4-8ACEF62D87B9}.ReleaseLog.ActiveCfg = Release|Win32
		{C255F133-F8B0-42CF-AEB4-8ACEF62D87B9}.ReleaseLog.Build.0 = Release|Win32
		{449D98DC-1228-4872-BBC9-4ADC9DAFA9A4}.Debug.ActiveCfg = Debug|Win32
		{449D98DC-1228-4872-BBC9-4ADC9DAFA9A4}.Debug.Build.0 = Debug|Win32
		{449D98DC-1228-4872-BBC9-4ADC9DAFA9A4}.Release.ActiveCfg = Release|Win32
		{449D98DC-1228-4872-BBC9-4ADC9DAFA9A4}.Release.Build.0 = Release|Win32
		{449D98DC-1228-4872-BBC9-4ADC9DAFA9A4}.ReleaseLog.ActiveCfg = Release|Win32
		{449D98DC-1228-4872-BBC9-4ADC9DAFA9A4}.ReleaseLog.Build.0 = Release|Win32
		{34E9CEAF-5A12-4602-8BC4-A9E121A9E631}.Debug.ActiveCfg = Debug|Win32
		{34E9CEAF-5A12-4602-8BC4-A9E121A9E631}.Debug.Build.0 = Debug|Win32
		{34E9CEAF-5A12-4602-8BC4-A9E121A9E631}.Release.ActiveCfg = Release|Win32
		{34E9CEAF-5A12-4602-8BC4-A9E121A9E631}.Release.Build.0 = Release|Win32
		{34E9CEAF-5A12-4602-8BC4-A9E121A9E631}.ReleaseLog.ActiveCfg = Release|Win32
		{34E9CEAF-5A12-4602-8BC4-A9E121A9E631}.ReleaseLog.Build.0 = Release|Win32
		{08F1BE43-0D68-439F-9CEA-3FAA8E7BE391}.Debug.ActiveCfg = Debug|Win32
		{08F1BE43-0D68-439F-9CEA-3FAA8E7BE391}.Debug.Build.0 = Debug|Win32
		{08F1BE43-0D68-439F-9CEA-3FAA8E7BE391}.Release.ActiveCfg = Release|Win32
		{08F1BE43-0D68-439F-9CEA-3FAA8E7BE391}.Release.Build.0 = Release|Win32
		{08F1BE43-0D68-439F-9CEA-3FAA8E7BE391}.ReleaseLog.ActiveCfg = ReleaseLog|Win32
		{08F1BE43-0D68-439F-9CEA-3FAA8E7BE391}.ReleaseLog.Build.0 = ReleaseLog|Win32
		{E7365E24-8080-4906-B208-FF27634D104F}.Debug.ActiveCfg = Debug|Win32
		{E7365E24-8080-4906-B208-FF27634D104F}.Debug.Build.0 = Debug|Win32
		{E7365E24-8080-4906-B208-FF27634D104F}.Release.ActiveCfg = Release|Win32
		{E7365E24-8080-4906-B208-FF27634D104F}.Release.Build.0 = Release|Win32
		{E7365E24-8080-4906-B208-FF27634D104F}.ReleaseLog.ActiveCfg = Release|Win32
		{E7365E24-8080-4906-B208-FF27634D104F}.ReleaseLog.Build.0 = Release|Win32
		{BE54F52C-838C-4D61-B5E1-D65A725BA129}.Debug.ActiveCfg = Debug|Win32
		{BE54F52C-838C-4D61-B5E1-D65A725BA129}.Debug.Build.0 = Debug|Win32
		{BE54F52C-838C-4D61-B5E1-D65A725BA129}.Release.ActiveCfg = Release|Win32
		{BE54F52C-838C-4D61-B5E1-D65A725BA129}.Release.Build.0 = Release|Win32
		{BE54F52C-838C-4D61-B5E1-D65A725BA129}.ReleaseLog.ActiveCfg = ReleaseLog|Win32
		{BE54F52C-838C-4D61-B5E1-D65A725BA129}.ReleaseLog.Build.0 = ReleaseLog|Win32
	EndGlobalSection
	GlobalSection(ExtensibilityGlobals) = postSolution
	EndGlobalSection
	GlobalSection(ExtensibilityAddIns) = postSolution
	EndGlobalSection
EndGlobal
