<?xml version="1.0" encoding="utf-8"?>
<Project ToolsVersion="4.0" xmlns="http://schemas.microsoft.com/developer/msbuild/2003">
  <ItemGroup>
    <Filter Include="Header Files">
      <UniqueIdentifier>{0D87BD3C-4ED8-4B84-BD09-54B6DC019E1C}</UniqueIdentifier>
      <Extensions>h;hpp;hxx;hm;inl</Extensions>
    </Filter>
    <Filter Include="Source Files">
      <UniqueIdentifier>{82E31018-9EB8-44F5-AFE3-3F0762258864}</UniqueIdentifier>
      <Extensions>cpp;c;cxx;rc;def;r;odl;idl;hpj;bat</Extensions>
    </Filter>
  </ItemGroup>
  <ItemGroup>
    <ClCompile Include="VolumeOutMaster.cpp">
      <Filter>Source Files</Filter>
    </ClCompile>
    <ClCompile Include="VolumeOutWave.cpp">
      <Filter>Source Files</Filter>
    </ClCompile>
  </ItemGroup>
  <ItemGroup>
    <ClInclude Include="IVolume.h">
      <Filter>Header Files</Filter>
    </ClInclude>
    <ClInclude Include="VolumeLib.h">
      <Filter>Header Files</Filter>
    </ClInclude>
    <ClInclude Include="VolumeOutMaster.h">
      <Filter>Header Files</Filter>
    </ClInclude>
    <ClInclude Include="VolumeOutWave.h">
      <Filter>Header Files</Filter>
    </ClInclude>
  </ItemGroup>
  <ItemGroup />
</Project>