<?xml version="1.0" encoding="utf-8"?>
<Project ToolsVersion="4.0" xmlns="http://schemas.microsoft.com/developer/msbuild/2003">
  <ItemGroup>
    <Filter Include="Header Files">
      <UniqueIdentifier>{73A65DE1-6A70-48F0-9F72-29E4E8FDA476}</UniqueIdentifier>
      <Extensions>h;hpp;hxx;hm;inl</Extensions>
    </Filter>
    <Filter Include="Source Files">
      <UniqueIdentifier>{0B547004-0F9E-490A-A9FC-AAED7D97FA36}</UniqueIdentifier>
      <Extensions>cpp;c;cxx;rc;def;r;odl;idl;hpj;bat</Extensions>
    </Filter>
  </ItemGroup>
  <ItemGroup>
    <ClCompile Include="minilzo.c">
      <Filter>Source Files</Filter>
    </ClCompile>
    <ClCompile Include="MMiniLZO.cpp">
      <Filter>Source Files</Filter>
    </ClCompile>
  </ItemGroup>
  <ItemGroup>
    <ClInclude Include="lzoconf.h">
      <Filter>Header Files</Filter>
    </ClInclude>
    <ClInclude Include="lzodefs.h">
      <Filter>Header Files</Filter>
    </ClInclude>
    <ClInclude Include="minilzo.h">
      <Filter>Header Files</Filter>
    </ClInclude>
    <ClInclude Include="MMiniLZO.h">
      <Filter>Header Files</Filter>
    </ClInclude>
  </ItemGroup>
  <ItemGroup />
</Project>