<?xml version="1.0" encoding="utf-8"?>
<Project ToolsVersion="4.0" xmlns="http://schemas.microsoft.com/developer/msbuild/2003">
  <ItemGroup>
    <Filter Include="Header Files">
      <UniqueIdentifier>{1E1EBEDE-5DA0-4787-B1E8-D6AA72C1567F}</UniqueIdentifier>
      <Extensions>h;hpp;hxx;hm;inl</Extensions>
    </Filter>
    <Filter Include="MD5">
      <UniqueIdentifier>{76149505-5FF1-4E85-A63B-5D0586F37037}</UniqueIdentifier>
    </Filter>
    <Filter Include="Source Files">
      <UniqueIdentifier>{B116A621-52AD-42EC-B97A-2DDF88837FE4}</UniqueIdentifier>
      <Extensions>cpp;c;cxx;rc;def;r;odl;idl;hpj;bat</Extensions>
    </Filter>
  </ItemGroup>
  <ItemGroup>
    <ClCompile Include="FileCheckInfo.cpp">
      <Filter>Source Files</Filter>
    </ClCompile>
    <ClCompile Include="FileCheckInfoTable.cpp">
      <Filter>Source Files</Filter>
    </ClCompile>
    <ClCompile Include="MD5\MD5Checksum.cpp">
      <Filter>MD5</Filter>
    </ClCompile>
  </ItemGroup>
  <ItemGroup>
    <ClInclude Include="FileCheckInfo.h">
      <Filter>Header Files</Filter>
    </ClInclude>
    <ClInclude Include="FileCheckInfoTable.h">
      <Filter>Header Files</Filter>
    </ClInclude>
    <ClInclude Include="FileCheckLib_Precompile.h">
      <Filter>Header Files</Filter>
    </ClInclude>
    <ClInclude Include="MD5\MD5Checksum.h">
      <Filter>MD5</Filter>
    </ClInclude>
    <ClInclude Include="MD5\MD5ChecksumDefines.h">
      <Filter>MD5</Filter>
    </ClInclude>
  </ItemGroup>
  <ItemGroup />
</Project>