<?xml version="1.0" encoding="utf-8"?>
<Project ToolsVersion="4.0" xmlns="http://schemas.microsoft.com/developer/msbuild/2003">
  <ItemGroup>
    <Filter Include="Header Files">
      <UniqueIdentifier>{E752A7BA-D9FD-470A-A53F-2537977D4F98}</UniqueIdentifier>
      <Extensions>h;hpp;hxx;hm;inl</Extensions>
    </Filter>
    <Filter Include="Ogg">
      <UniqueIdentifier>{88B45330-A3BE-417D-B62A-BFC1D323517F}</UniqueIdentifier>
    </Filter>
    <Filter Include="Source Files">
      <UniqueIdentifier>{CDCA128D-2F2D-4538-9D97-9098210F4702}</UniqueIdentifier>
      <Extensions>cpp;c;cxx;rc;def;r;odl;idl;hpj;bat</Extensions>
    </Filter>
    <Filter Include="Vorbis">
      <UniqueIdentifier>{74791EF4-96D4-4852-B712-0ABCB7FF894E}</UniqueIdentifier>
    </Filter>
  </ItemGroup>
  <ItemGroup>
    <ClCompile Include="FileStream.cpp">
      <Filter>Source Files</Filter>
    </ClCompile>
    <ClCompile Include="VorbisFile.cpp">
      <Filter>Source Files</Filter>
    </ClCompile>
    <ClCompile Include="VorbisSound.cpp">
      <Filter>Source Files</Filter>
    </ClCompile>
  </ItemGroup>
  <ItemGroup>
    <ClInclude Include="Define.h">
      <Filter>Header Files</Filter>
    </ClInclude>
    <ClInclude Include="FileStream.h">
      <Filter>Header Files</Filter>
    </ClInclude>
    <ClInclude Include="VorbisFile.h">
      <Filter>Header Files</Filter>
    </ClInclude>
    <ClInclude Include="VorbisSound.h">
      <Filter>Header Files</Filter>
    </ClInclude>
    <ClInclude Include="ogg\ogg.h">
      <Filter>Ogg</Filter>
    </ClInclude>
    <ClInclude Include="ogg\os_types.h">
      <Filter>Ogg</Filter>
    </ClInclude>
    <ClInclude Include="vorbis\codec.h">
      <Filter>Vorbis</Filter>
    </ClInclude>
    <ClInclude Include="vorbis\vorbisenc.h">
      <Filter>Vorbis</Filter>
    </ClInclude>
    <ClInclude Include="vorbis\vorbisfile.h">
      <Filter>Vorbis</Filter>
    </ClInclude>
  </ItemGroup>
  <ItemGroup />
</Project>