<?xml version="1.0" encoding="utf-8"?>
<Project ToolsVersion="4.0" xmlns="http://schemas.microsoft.com/developer/msbuild/2003">
  <ItemGroup>
    <Filter Include="Header Files">
      <UniqueIdentifier>{5AEBFD9C-49D5-4B85-9BA6-8CDB3DFF6FE8}</UniqueIdentifier>
      <Extensions>h;hpp;hxx;hm;inl</Extensions>
    </Filter>
    <Filter Include="Source Files">
      <UniqueIdentifier>{5499377F-A39C-4661-8D47-31883F5369B8}</UniqueIdentifier>
      <Extensions>cpp;c;cxx;rc;def;r;odl;idl;hpj;bat</Extensions>
    </Filter>
  </ItemGroup>
  <ItemGroup>
    <ClCompile Include="CAnimationFrame.cpp">
      <Filter>Source Files</Filter>
    </ClCompile>
    <ClCompile Include="CAnimationFrameSetManager.cpp">
      <Filter>Source Files</Filter>
    </ClCompile>
    <ClCompile Include="CCreatureFrameSetManager.cpp">
      <Filter>Source Files</Filter>
    </ClCompile>
    <ClCompile Include="CFrame.cpp">
      <Filter>Source Files</Filter>
    </ClCompile>
    <ClCompile Include="CFramePack.cpp">
      <Filter>Source Files</Filter>
    </ClCompile>
    <ClCompile Include="CFrameSetManager.cpp">
      <Filter>Source Files</Filter>
    </ClCompile>
  </ItemGroup>
  <ItemGroup>
    <ClInclude Include="CAnimationFrame.h">
      <Filter>Header Files</Filter>
    </ClInclude>
    <ClInclude Include="CAnimationFrameSetManager.h">
      <Filter>Header Files</Filter>
    </ClInclude>
    <ClInclude Include="CCreatureFrameSetManager.h">
      <Filter>Header Files</Filter>
    </ClInclude>
    <ClInclude Include="CFrame.h">
      <Filter>Header Files</Filter>
    </ClInclude>
    <ClInclude Include="CFramePack.h">
      <Filter>Header Files</Filter>
    </ClInclude>
    <ClInclude Include="CFrameSet.h">
      <Filter>Header Files</Filter>
    </ClInclude>
    <ClInclude Include="CFrameSetManager.h">
      <Filter>Header Files</Filter>
    </ClInclude>
    <ClInclude Include="FR.h">
      <Filter>Header Files</Filter>
    </ClInclude>
  </ItemGroup>
  <ItemGroup />
</Project>