Microsoft Visual Studio Solution File, Format Version 12.00
# Visual Studio Version 17
VisualStudioVersion = 17.0.31903.59
MinimumVisualStudioVersion = 10.0.40219.1
Project("{8BC9CEB8-8B4A-11D0-8D11-00A0C91BC942}") = "CWinMain Library", "..\..\..\Designed_Common\Project\Client\CWinMain Library\CWinMain Library.vcxproj", "{AFD2F0C9-D1A3-4B7B-8550-C8E81A812734}"
EndProject
Project("{8BC9CEB8-8B4A-11D0-8D11-00A0C91BC942}") = "Client", "Client.vcxproj", "{2C98F916-70D3-4907-92D1-1EF92E5A7B2F}"
	ProjectSection(ProjectDependencies) = postProject
		{C83E628C-D169-4918-82C0-3C8BC2931E4D} = {C83E628C-D169-4918-82C0-3C8BC2931E4D}
		{D0DD59CA-8380-4434-B828-7A10714A3464} = {D0DD59CA-8380-4434-B828-7A10714A3464}
		{BCF7D26D-EAD5-4DB1-B9F8-017AFF12E0B6} = {BCF7D26D-EAD5-4DB1-B9F8-017AFF12E0B6}
		{67A15ABD-6587-4C5F-9D71-5C44D9A9BBC8} = {67A15ABD-6587-4C5F-9D71-5C44D9A9BBC8}
		{D2DAB5EA-107D-4CD8-B377-EB1DB0B51A7B} = {D2DAB5EA-107D-4CD8-B377-EB1DB0B51A7B}
		{CCD043E3-45F2-45B6-A87B-030D2235B128} = {CCD043E3-45F2-45B6-A87B-030D2235B128}
		{AFD2F0C9-D1A3-4B7B-8550-C8E81A812734} = {AFD2F0C9-D1A3-4B7B-8550-C8E81A812734}
		{D6DE8F6C-11E3-4487-8822-054BDA74F854} = {D6DE8F6C-11E3-4487-8822-054BDA74F854}
		{18A84CBC-A808-46CA-883F-82FE3D8EC789} = {18A84CBC-A808-46CA-883F-82FE3D8EC789}
		{48A8CE3C-D3B5-4DD3-95B1-FAD6BE945AC0} = {48A8CE3C-D3B5-4DD3-95B1-FAD6BE945AC0}
		{86C10E15-7002-4653-ACF2-DB6E101C53CF} = {86C10E15-7002-4653-ACF2-DB6E101C53CF}
		{152009C1-5397-4F7F-A62B-724365233C09} = {152009C1-5397-4F7F-A62B-724365233C09}
	EndProjectSection
EndProject
Project("{8BC9CEB8-8B4A-11D0-8D11-00A0C91BC942}") = "D3DLib", "..\..\..\Designed_Common\Project\Client\D3DLib\D3DLib.vcxproj", "{18A84CBC-A808-46CA-883F-82FE3D8EC789}"
EndProject
Project("{8BC9CEB8-8B4A-11D0-8D11-00A0C91BC942}") = "DEUtil", "..\..\..\Designed_Common\Project\Client\DEUtil\DEUtil.vcxproj", "{2F496B22-1AE8-4BFE-A968-B9347AE35B16}"
EndProject
Project("{8BC9CEB8-8B4A-11D0-8D11-00A0C91BC942}") = "DirectXLib", "..\..\..\Designed_Common\Project\Client\DXLib\DirectXLib.vcxproj", "{48A8CE3C-D3B5-4DD3-95B1-FAD6BE945AC0}"
EndProject
Project("{8BC9CEB8-8B4A-11D0-8D11-00A0C91BC942}") = "FileCheckLib", "..\..\..\Designed_Common\Project\Client\FileCheckLib\FileCheckLib.vcxproj", "{190B9D0B-9997-4E48-9893-D54FC1791689}"
EndProject
Project("{8BC9CEB8-8B4A-11D0-8D11-00A0C91BC942}") = "Frame Library", "..\..\..\Designed_Common\Project\Client\FrameLib\Frame Library.vcxproj", "{152009C1-5397-4F7F-A62B-724365233C09}"
EndProject
Project("{8BC9CEB8-8B4A-11D0-8D11-00A0C91BC942}") = "MZLib", "..\..\..\Designed_Common\Project\Client\MZLib\MZLib.vcxproj", "{C83E628C-D169-4918-82C0-3C8BC2931E4D}"
EndProject
Project("{8BC9CEB8-8B4A-11D0-8D11-00A0C91BC942}") = "MiniLZO", "..\..\..\Designed_Common\Project\Client\MiniLZO\MiniLZO.vcxproj", "{67A15ABD-6587-4C5F-9D71-5C44D9A9BBC8}"
EndProject
Project("{8BC9CEB8-8B4A-11D0-8D11-00A0C91BC942}") = "OggLib", "..\..\..\Designed_Common\Project\Client\OggLib\OggLib.vcxproj", "{D0DD59CA-8380-4434-B828-7A10714A3464}"
EndProject
Project("{8BC9CEB8-8B4A-11D0-8D11-00A0C91BC942}") = "RarLib", "..\..\..\Designed_Common\Project\Client\RarLib\RarLib.vcxproj", "{D2DAB5EA-107D-4CD8-B377-EB1DB0B51A7B}"
EndProject
Project("{8BC9CEB8-8B4A-11D0-8D11-00A0C91BC942}") = "SpriteLib", "..\..\..\Designed_Common\Project\Client\SpriteLib\SpriteLib.vcxproj", "{86C10E15-7002-4653-ACF2-DB6E101C53CF}"
EndProject
Project("{8BC9CEB8-8B4A-11D0-8D11-00A0C91BC942}") = "VirtualFileSystem", "..\..\..\Designed_Common\Project\Client\VirtualFileSystem\VirtualFileSystem.vcxproj", "{BCF7D26D-EAD5-4DB1-B9F8-017AFF12E0B6}"
EndProject
Project("{8BC9CEB8-8B4A-11D0-8D11-00A0C91BC942}") = "VolumeLib", "..\..\..\Designed_Common\Project\Client\VolumeLib\VolumeLib.vcxproj", "{D6DE8F6C-11E3-4487-8822-054BDA74F854}"
EndProject
Project("{8BC9CEB8-8B4A-11D0-8D11-00A0C91BC942}") = "lib", "..\NEW - VS_UI\lib\lib.vcxproj", "{CCD043E3-45F2-45B6-A87B-030D2235B128}"
EndProject
Global
	GlobalSection(SolutionConfigurationPlatforms) = preSolution
		Debug|Win32 = Debug|Win32
		Release|Win32 = Release|Win32
		ReleaseLog|Win32 = ReleaseLog|Win32
	EndGlobalSection
	GlobalSection(ProjectConfigurationPlatforms) = postSolution
		{AFD2F0C9-D1A3-4B7B-8550-C8E81A812734}.Debug|Win32.ActiveCfg = Debug|Win32
		{AFD2F0C9-D1A3-4B7B-8550-C8E81A812734}.Debug|Win32.Build.0 = Debug|Win32
		{AFD2F0C9-D1A3-4B7B-8550-C8E81A812734}.Release|Win32.ActiveCfg = Release|Win32
		{AFD2F0C9-D1A3-4B7B-8550-C8E81A812734}.Release|Win32.Build.0 = Release|Win32
		{AFD2F0C9-D1A3-4B7B-8550-C8E81A812734}.ReleaseLog|Win32.ActiveCfg = Release|Win32
		{AFD2F0C9-D1A3-4B7B-8550-C8E81A812734}.ReleaseLog|Win32.Build.0 = Release|Win32
		{2C98F916-70D3-4907-92D1-1EF92E5A7B2F}.Debug|Win32.ActiveCfg = Debug|Win32
		{2C98F916-70D3-4907-92D1-1EF92E5A7B2F}.Debug|Win32.Build.0 = Debug|Win32
		{2C98F916-70D3-4907-92D1-1EF92E5A7B2F}.Release|Win32.ActiveCfg = Release|Win32
		{2C98F916-70D3-4907-92D1-1EF92E5A7B2F}.Release|Win32.Build.0 = Release|Win32
		{2C98F916-70D3-4907-92D1-1EF92E5A7B2F}.ReleaseLog|Win32.ActiveCfg = ReleaseLog|Win32
		{2C98F916-70D3-4907-92D1-1EF92E5A7B2F}.ReleaseLog|Win32.Build.0 = ReleaseLog|Win32
		{18A84CBC-A808-46CA-883F-82FE3D8EC789}.Debug|Win32.ActiveCfg = Debug|Win32
		{18A84CBC-A808-46CA-883F-82FE3D8EC789}.Debug|Win32.Build.0 = Debug|Win32
		{18A84CBC-A808-46CA-883F-82FE3D8EC789}.Release|Win32.ActiveCfg = Release|Win32
		{18A84CBC-A808-46CA-883F-82FE3D8EC789}.Release|Win32.Build.0 = Release|Win32
		{18A84CBC-A808-46CA-883F-82FE3D8EC789}.ReleaseLog|Win32.ActiveCfg = Release|Win32
		{18A84CBC-A808-46CA-883F-82FE3D8EC789}.ReleaseLog|Win32.Build.0 = Release|Win32
		{2F496B22-1AE8-4BFE-A968-B9347AE35B16}.Debug|Win32.ActiveCfg = Debug|Win32
		{2F496B22-1AE8-4BFE-A968-B9347AE35B16}.Debug|Win32.Build.0 = Debug|Win32
		{2F496B22-1AE8-4BFE-A968-B9347AE35B16}.Release|Win32.ActiveCfg = Release|Win32
		{2F496B22-1AE8-4BFE-A968-B9347AE35B16}.Release|Win32.Build.0 = Release|Win32
		{2F496B22-1AE8-4BFE-A968-B9347AE35B16}.ReleaseLog|Win32.ActiveCfg = Release|Win32
		{2F496B22-1AE8-4BFE-A968-B9347AE35B16}.ReleaseLog|Win32.Build.0 = Release|Win32
		{48A8CE3C-D3B5-4DD3-95B1-FAD6BE945AC0}.Debug|Win32.ActiveCfg = Debug|Win32
		{48A8CE3C-D3B5-4DD3-95B1-FAD6BE945AC0}.Debug|Win32.Build.0 = Debug|Win32
		{48A8CE3C-D3B5-4DD3-95B1-FAD6BE945AC0}.Release|Win32.ActiveCfg = Release|Win32
		{48A8CE3C-D3B5-4DD3-95B1-FAD6BE945AC0}.Release|Win32.Build.0 = Release|Win32
		{48A8CE3C-D3B5-4DD3-95B1-FAD6BE945AC0}.ReleaseLog|Win32.ActiveCfg = Release|Win32
		{48A8CE3C-D3B5-4DD3-95B1-FAD6BE945AC0}.ReleaseLog|Win32.Build.0 = Release|Win32
		{190B9D0B-9997-4E48-9893-D54FC1791689}.Debug|Win32.ActiveCfg = Debug|Win32
		{190B9D0B-9997-4E48-9893-D54FC1791689}.Debug|Win32.Build.0 = Debug|Win32
		{190B9D0B-9997-4E48-9893-D54FC1791689}.Release|Win32.ActiveCfg = Release|Win32
		{190B9D0B-9997-4E48-9893-D54FC1791689}.Release|Win32.Build.0 = Release|Win32
		{190B9D0B-9997-4E48-9893-D54FC1791689}.ReleaseLog|Win32.ActiveCfg = Release|Win32
		{190B9D0B-9997-4E48-9893-D54FC1791689}.ReleaseLog|Win32.Build.0 = Release|Win32
		{152009C1-5397-4F7F-A62B-724365233C09}.Debug|Win32.ActiveCfg = Debug|Win32
		{152009C1-5397-4F7F-A62B-724365233C09}.Debug|Win32.Build.0 = Debug|Win32
		{152009C1-5397-4F7F-A62B-724365233C09}.Release|Win32.ActiveCfg = Release|Win32
		{152009C1-5397-4F7F-A62B-724365233C09}.Release|Win32.Build.0 = Release|Win32
		{152009C1-5397-4F7F-A62B-724365233C09}.ReleaseLog|Win32.ActiveCfg = Release|Win32
		{152009C1-5397-4F7F-A62B-724365233C09}.ReleaseLog|Win32.Build.0 = Release|Win32
		{C83E628C-D169-4918-82C0-3C8BC2931E4D}.Debug|Win32.ActiveCfg = Debug|Win32
		{C83E628C-D169-4918-82C0-3C8BC2931E4D}.Debug|Win32.Build.0 = Debug|Win32
		{C83E628C-D169-4918-82C0-3C8BC2931E4D}.Release|Win32.ActiveCfg = Release|Win32
		{C83E628C-D169-4918-82C0-3C8BC2931E4D}.Release|Win32.Build.0 = Release|Win32
		{C83E628C-D169-4918-82C0-3C8BC2931E4D}.ReleaseLog|Win32.ActiveCfg = Release|Win32
		{C83E628C-D169-4918-82C0-3C8BC2931E4D}.ReleaseLog|Win32.Build.0 = Release|Win32
		{67A15ABD-6587-4C5F-9D71-5C44D9A9BBC8}.Debug|Win32.ActiveCfg = Debug|Win32
		{67A15ABD-6587-4C5F-9D71-5C44D9A9BBC8}.Debug|Win32.Build.0 = Debug|Win32
		{67A15ABD-6587-4C5F-9D71-5C44D9A9BBC8}.Release|Win32.ActiveCfg = Release|Win32
		{67A15ABD-6587-4C5F-9D71-5C44D9A9BBC8}.Release|Win32.Build.0 = Release|Win32
		{67A15ABD-6587-4C5F-9D71-5C44D9A9BBC8}.ReleaseLog|Win32.ActiveCfg = Release|Win32
		{67A15ABD-6587-4C5F-9D71-5C44D9A9BBC8}.ReleaseLog|Win32.Build.0 = Release|Win32
		{D0DD59CA-8380-4434-B828-7A10714A3464}.Debug|Win32.ActiveCfg = Debug|Win32
		{D0DD59CA-8380-4434-B828-7A10714A3464}.Debug|Win32.Build.0 = Debug|Win32
		{D0DD59CA-8380-4434-B828-7A10714A3464}.Release|Win32.ActiveCfg = Release|Win32
		{D0DD59CA-8380-4434-B828-7A10714A3464}.Release|Win32.Build.0 = Release|Win32
		{D0DD59CA-8380-4434-B828-7A10714A3464}.ReleaseLog|Win32.ActiveCfg = Release|Win32
		{D0DD59CA-8380-4434-B828-7A10714A3464}.ReleaseLog|Win32.Build.0 = Release|Win32
		{D2DAB5EA-107D-4CD8-B377-EB1DB0B51A7B}.Debug|Win32.ActiveCfg = Debug|Win32
		{D2DAB5EA-107D-4CD8-B377-EB1DB0B51A7B}.Debug|Win32.Build.0 = Debug|Win32
		{D2DAB5EA-107D-4CD8-B377-EB1DB0B51A7B}.Release|Win32.ActiveCfg = Release|Win32
		{D2DAB5EA-107D-4CD8-B377-EB1DB0B51A7B}.Release|Win32.Build.0 = Release|Win32
		{D2DAB5EA-107D-4CD8-B377-EB1DB0B51A7B}.ReleaseLog|Win32.ActiveCfg = Release|Win32
		{D2DAB5EA-107D-4CD8-B377-EB1DB0B51A7B}.ReleaseLog|Win32.Build.0 = Release|Win32
		{86C10E15-7002-4653-ACF2-DB6E101C53CF}.Debug|Win32.ActiveCfg = Debug|Win32
		{86C10E15-7002-4653-ACF2-DB6E101C53CF}.Debug|Win32.Build.0 = Debug|Win32
		{86C10E15-7002-4653-ACF2-DB6E101C53CF}.Release|Win32.ActiveCfg = Release|Win32
		{86C10E15-7002-4653-ACF2-DB6E101C53CF}.Release|Win32.Build.0 = Release|Win32
		{86C10E15-7002-4653-ACF2-DB6E101C53CF}.ReleaseLog|Win32.ActiveCfg = Release|Win32
		{86C10E15-7002-4653-ACF2-DB6E101C53CF}.ReleaseLog|Win32.Build.0 = Release|Win32
		{BCF7D26D-EAD5-4DB1-B9F8-017AFF12E0B6}.Debug|Win32.ActiveCfg = Debug|Win32
		{BCF7D26D-EAD5-4DB1-B9F8-017AFF12E0B6}.Debug|Win32.Build.0 = Debug|Win32
		{BCF7D26D-EAD5-4DB1-B9F8-017AFF12E0B6}.Release|Win32.ActiveCfg = Release|Win32
		{BCF7D26D-EAD5-4DB1-B9F8-017AFF12E0B6}.Release|Win32.Build.0 = Release|Win32
		{BCF7D26D-EAD5-4DB1-B9F8-017AFF12E0B6}.ReleaseLog|Win32.ActiveCfg = ReleaseLog|Win32
		{BCF7D26D-EAD5-4DB1-B9F8-017AFF12E0B6}.ReleaseLog|Win32.Build.0 = ReleaseLog|Win32
		{D6DE8F6C-11E3-4487-8822-054BDA74F854}.Debug|Win32.ActiveCfg = Debug|Win32
		{D6DE8F6C-11E3-4487-8822-054BDA74F854}.Debug|Win32.Build.0 = Debug|Win32
		{D6DE8F6C-11E3-4487-8822-054BDA74F854}.Release|Win32.ActiveCfg = Release|Win32
		{D6DE8F6C-11E3-4487-8822-054BDA74F854}.Release|Win32.Build.0 = Release|Win32
		{D6DE8F6C-11E3-4487-8822-054BDA74F854}.ReleaseLog|Win32.ActiveCfg = Release|Win32
		{D6DE8F6C-11E3-4487-8822-054BDA74F854}.ReleaseLog|Win32.Build.0 = Release|Win32
		{CCD043E3-45F2-45B6-A87B-030D2235B128}.Debug|Win32.ActiveCfg = Debug|Win32
		{CCD043E3-45F2-45B6-A87B-030D2235B128}.Debug|Win32.Build.0 = Debug|Win32
		{CCD043E3-45F2-45B6-A87B-030D2235B128}.Release|Win32.ActiveCfg = Release|Win32
		{CCD043E3-45F2-45B6-A87B-030D2235B128}.Release|Win32.Build.0 = Release|Win32
		{CCD043E3-45F2-45B6-A87B-030D2235B128}.ReleaseLog|Win32.ActiveCfg = ReleaseLog|Win32
		{CCD043E3-45F2-45B6-A87B-030D2235B128}.ReleaseLog|Win32.Build.0 = ReleaseLog|Win32
	EndGlobalSection
	GlobalSection(SolutionProperties) = preSolution
		HideSolutionNode = FALSE
	EndGlobalSection
EndGlobal
