Microsoft Visual Studio Solution File, Format Version 8.00
Project("{8BC9CEB8-8B4A-11D0-8D11-00A0C91BC942}") = "ClientInfo", "ClientInfo.vcproj", "{7C044334-AC6C-4C16-9F6A-A5EB33DB3215}"
	ProjectSection(ProjectDependencies) = postProject
	EndProjectSection
EndProject
Global
	GlobalSection(SolutionConfiguration) = preSolution
		Debug = Debug
		Release = Release
	EndGlobalSection
	GlobalSection(ProjectConfiguration) = postSolution
		{7C044334-AC6C-4C16-9F6A-A5EB33DB3215}.Debug.ActiveCfg = Debug|Win32
		{7C044334-AC6C-4C16-9F6A-A5EB33DB3215}.Debug.Build.0 = Debug|Win32
		{7C044334-AC6C-4C16-9F6A-A5EB33DB3215}.Release.ActiveCfg = Release|Win32
		{7C044334-AC6C-4C16-9F6A-A5EB33DB3215}.Release.Build.0 = Release|Win32
	EndGlobalSection
	GlobalSection(ExtensibilityGlobals) = postSolution
	EndGlobalSection
	GlobalSection(ExtensibilityAddIns) = postSolution
	EndGlobalSection
EndGlobal
